// !$*UTF8*$!
{
	archiveVersion = 1;
	classes = {
	};
	objectVersion = 56;
	objects = {

/* Begin PBXBuildFile section */
		E714EEC52A6ABE0A00983D31 /* ProfileStructures.swift in Sources */ = {isa = PBXBuildFile; fileRef = E714EEC42A6ABE0A00983D31 /* ProfileStructures.swift */; };
		E7215B782A2B133D00EEF1ED /* ServiceAccessLayer.swift in Sources */ = {isa = PBXBuildFile; fileRef = E7215B772A2B133D00EEF1ED /* ServiceAccessLayer.swift */; };
		E732BACA2A57F12C00030BCA /* UIBlockingProgressHUD.swift in Sources */ = {isa = PBXBuildFile; fileRef = E732BAC92A57F12C00030BCA /* UIBlockingProgressHUD.swift */; };
		E739CFD92A6A98E60095D13B /* OAuth2Service.swift in Sources */ = {isa = PBXBuildFile; fileRef = E739CFD82A6A98E60095D13B /* OAuth2Service.swift */; };
		E73DF3772A72AEC000E7F79E /* OAuthTokenResponseBody.swift in Sources */ = {isa = PBXBuildFile; fileRef = E73DF3762A72AEC000E7F79E /* OAuthTokenResponseBody.swift */; };
		E74BC8D529FCF7920059C572 /* AppDelegate.swift in Sources */ = {isa = PBXBuildFile; fileRef = E74BC8D429FCF7920059C572 /* AppDelegate.swift */; };
		E74BC8D729FCF7920059C572 /* SceneDelegate.swift in Sources */ = {isa = PBXBuildFile; fileRef = E74BC8D629FCF7920059C572 /* SceneDelegate.swift */; };
		E74BC8D929FCF7920059C572 /* ImagesListViewController.swift in Sources */ = {isa = PBXBuildFile; fileRef = E74BC8D829FCF7920059C572 /* ImagesListViewController.swift */; };
		E74BC8DC29FCF7920059C572 /* Main.storyboard in Resources */ = {isa = PBXBuildFile; fileRef = E74BC8DA29FCF7920059C572 /* Main.storyboard */; };
		E74BC8DE29FCF7930059C572 /* Assets.xcassets in Resources */ = {isa = PBXBuildFile; fileRef = E74BC8DD29FCF7930059C572 /* Assets.xcassets */; };
		E74BC8E129FCF7930059C572 /* LaunchScreen.storyboard in Resources */ = {isa = PBXBuildFile; fileRef = E74BC8DF29FCF7930059C572 /* LaunchScreen.storyboard */; };
		E75417872A6517D400DF8919 /* Kingfisher in Frameworks */ = {isa = PBXBuildFile; productRef = E75417862A6517D400DF8919 /* Kingfisher */; };
		E754178A2A65236800DF8919 /* SwiftKeychainWrapper in Frameworks */ = {isa = PBXBuildFile; productRef = E75417892A65236800DF8919 /* SwiftKeychainWrapper */; };
		E7644F7B2A0B79ED0041C7D5 /* ImagesListCell.swift in Sources */ = {isa = PBXBuildFile; fileRef = E7644F7A2A0B79ED0041C7D5 /* ImagesListCell.swift */; };
		E764E2E82A2DBD8700EAAE4C /* SplashViewController.swift in Sources */ = {isa = PBXBuildFile; fileRef = E764E2E72A2DBD8700EAAE4C /* SplashViewController.swift */; };
		E775F3B52A52F0A70037CFA6 /* OAuth2TokenStorage.swift in Sources */ = {isa = PBXBuildFile; fileRef = E775F3B42A52F0A70037CFA6 /* OAuth2TokenStorage.swift */; };
		E775F3B82A53016A0037CFA6 /* ProgressHUD in Frameworks */ = {isa = PBXBuildFile; productRef = E775F3B72A53016A0037CFA6 /* ProgressHUD */; };
		E7771FA12A8A437E008CD197 /* ImagesListCellDelegate.swift in Sources */ = {isa = PBXBuildFile; fileRef = E7771FA02A8A437E008CD197 /* ImagesListCellDelegate.swift */; };
		E7771FA32A8A4EE1008CD197 /* AlertModel.swift in Sources */ = {isa = PBXBuildFile; fileRef = E7771FA22A8A4EE1008CD197 /* AlertModel.swift */; };
		E791B6FE2A2490780088B4D9 /* AuthConfiguration.swift in Sources */ = {isa = PBXBuildFile; fileRef = E791B6FD2A2490780088B4D9 /* AuthConfiguration.swift */; };
		E791B7002A24ADFC0088B4D9 /* AuthViewController.swift in Sources */ = {isa = PBXBuildFile; fileRef = E791B6FF2A24ADFC0088B4D9 /* AuthViewController.swift */; };
		E791B7032A24B3370088B4D9 /* WebViewViewController.swift in Sources */ = {isa = PBXBuildFile; fileRef = E791B7022A24B3370088B4D9 /* WebViewViewController.swift */; };
		E79D2DAB2A13569700ACAD58 /* ProfileViewController.swift in Sources */ = {isa = PBXBuildFile; fileRef = E79D2DAA2A13569700ACAD58 /* ProfileViewController.swift */; };
		E79FCEDB2A5FD33400FC01CA /* ProfileImageService.swift in Sources */ = {isa = PBXBuildFile; fileRef = E79FCEDA2A5FD33400FC01CA /* ProfileImageService.swift */; };
		E7A197FA2A1CFB910022EC1D /* UIColor+Extensions.swift in Sources */ = {isa = PBXBuildFile; fileRef = E7A197F92A1CFB910022EC1D /* UIColor+Extensions.swift */; };
		E7A5851A2A715F6B00802732 /* AlertPresenter.swift in Sources */ = {isa = PBXBuildFile; fileRef = E7A585192A715F6B00802732 /* AlertPresenter.swift */; };
		E7A987762A58151900CF7FFD /* ProfileService.swift in Sources */ = {isa = PBXBuildFile; fileRef = E7A987752A58151900CF7FFD /* ProfileService.swift */; };
		E7A9BEC52A7B948400DEF0A6 /* ImagesListService.swift in Sources */ = {isa = PBXBuildFile; fileRef = E7A9BEC42A7B948400DEF0A6 /* ImagesListService.swift */; };
		E7A9BEC72A7B953400DEF0A6 /* ImagesStructures.swift in Sources */ = {isa = PBXBuildFile; fileRef = E7A9BEC62A7B953400DEF0A6 /* ImagesStructures.swift */; };
		E7B317E62A752300003186DB /* TabBarController.swift in Sources */ = {isa = PBXBuildFile; fileRef = E7B317E52A752300003186DB /* TabBarController.swift */; };
		E7B53C222A160D4A004925C1 /* SingleImageViewController.swift in Sources */ = {isa = PBXBuildFile; fileRef = E7B53C212A160D4A004925C1 /* SingleImageViewController.swift */; };
		E7F294312A923127007C7E80 /* WebViewPresenter.swift in Sources */ = {isa = PBXBuildFile; fileRef = E7F294302A923127007C7E80 /* WebViewPresenter.swift */; };
		E7F294332A9258AF007C7E80 /* AuthHelper.swift in Sources */ = {isa = PBXBuildFile; fileRef = E7F294322A9258AF007C7E80 /* AuthHelper.swift */; };
/* End PBXBuildFile section */

/* Begin PBXContainerItemProxy section */
		E77AF1472A80B2360076A4B5 /* PBXContainerItemProxy */ = {
			isa = PBXContainerItemProxy;
			containerPortal = E74BC8C929FCF7920059C572 /* Project object */;
			proxyType = 1;
			remoteGlobalIDString = E74BC8D029FCF7920059C572;
			remoteInfo = ImageFeed;
		};
/* End PBXContainerItemProxy section */

/* Begin PBXFileReference section */
		E714EEC42A6ABE0A00983D31 /* ProfileStructures.swift */ = {isa = PBXFileReference; lastKnownFileType = sourcecode.swift; path = ProfileStructures.swift; sourceTree = "<group>"; };
		E7215B772A2B133D00EEF1ED /* ServiceAccessLayer.swift */ = {isa = PBXFileReference; lastKnownFileType = sourcecode.swift; path = ServiceAccessLayer.swift; sourceTree = "<group>"; };
		E732BAC92A57F12C00030BCA /* UIBlockingProgressHUD.swift */ = {isa = PBXFileReference; lastKnownFileType = sourcecode.swift; path = UIBlockingProgressHUD.swift; sourceTree = "<group>"; };
		E739CFD82A6A98E60095D13B /* OAuth2Service.swift */ = {isa = PBXFileReference; lastKnownFileType = sourcecode.swift; path = OAuth2Service.swift; sourceTree = "<group>"; };
		E73DF3762A72AEC000E7F79E /* OAuthTokenResponseBody.swift */ = {isa = PBXFileReference; lastKnownFileType = sourcecode.swift; path = OAuthTokenResponseBody.swift; sourceTree = "<group>"; };
		E74BC8D129FCF7920059C572 /* ImageFeed.app */ = {isa = PBXFileReference; explicitFileType = wrapper.application; includeInIndex = 0; path = ImageFeed.app; sourceTree = BUILT_PRODUCTS_DIR; };
		E74BC8D429FCF7920059C572 /* AppDelegate.swift */ = {isa = PBXFileReference; lastKnownFileType = sourcecode.swift; path = AppDelegate.swift; sourceTree = "<group>"; };
		E74BC8D629FCF7920059C572 /* SceneDelegate.swift */ = {isa = PBXFileReference; lastKnownFileType = sourcecode.swift; path = SceneDelegate.swift; sourceTree = "<group>"; };
		E74BC8D829FCF7920059C572 /* ImagesListViewController.swift */ = {isa = PBXFileReference; lastKnownFileType = sourcecode.swift; path = ImagesListViewController.swift; sourceTree = "<group>"; };
		E74BC8DB29FCF7920059C572 /* Base */ = {isa = PBXFileReference; lastKnownFileType = file.storyboard; name = Base; path = Base.lproj/Main.storyboard; sourceTree = "<group>"; };
		E74BC8DD29FCF7930059C572 /* Assets.xcassets */ = {isa = PBXFileReference; lastKnownFileType = folder.assetcatalog; path = Assets.xcassets; sourceTree = "<group>"; };
		E74BC8E029FCF7930059C572 /* Base */ = {isa = PBXFileReference; lastKnownFileType = file.storyboard; name = Base; path = Base.lproj/LaunchScreen.storyboard; sourceTree = "<group>"; };
		E74BC8E229FCF7930059C572 /* Info.plist */ = {isa = PBXFileReference; lastKnownFileType = text.plist.xml; path = Info.plist; sourceTree = "<group>"; };
		E7644F7A2A0B79ED0041C7D5 /* ImagesListCell.swift */ = {isa = PBXFileReference; lastKnownFileType = sourcecode.swift; path = ImagesListCell.swift; sourceTree = "<group>"; };
		E764E2E72A2DBD8700EAAE4C /* SplashViewController.swift */ = {isa = PBXFileReference; lastKnownFileType = sourcecode.swift; path = SplashViewController.swift; sourceTree = "<group>"; };
		E775F3B42A52F0A70037CFA6 /* OAuth2TokenStorage.swift */ = {isa = PBXFileReference; lastKnownFileType = sourcecode.swift; path = OAuth2TokenStorage.swift; sourceTree = "<group>"; };
		E7771FA02A8A437E008CD197 /* ImagesListCellDelegate.swift */ = {isa = PBXFileReference; lastKnownFileType = sourcecode.swift; path = ImagesListCellDelegate.swift; sourceTree = "<group>"; };
		E7771FA22A8A4EE1008CD197 /* AlertModel.swift */ = {isa = PBXFileReference; lastKnownFileType = sourcecode.swift; path = AlertModel.swift; sourceTree = "<group>"; };
		E77AF1432A80B2360076A4B5 /* ImageFeedTests.xctest */ = {isa = PBXFileReference; explicitFileType = wrapper.cfbundle; includeInIndex = 0; path = ImageFeedTests.xctest; sourceTree = BUILT_PRODUCTS_DIR; };
		E791B6FD2A2490780088B4D9 /* AuthConfiguration.swift */ = {isa = PBXFileReference; lastKnownFileType = sourcecode.swift; path = AuthConfiguration.swift; sourceTree = "<group>"; };
		E791B6FF2A24ADFC0088B4D9 /* AuthViewController.swift */ = {isa = PBXFileReference; lastKnownFileType = sourcecode.swift; path = AuthViewController.swift; sourceTree = "<group>"; };
		E791B7022A24B3370088B4D9 /* WebViewViewController.swift */ = {isa = PBXFileReference; lastKnownFileType = sourcecode.swift; path = WebViewViewController.swift; sourceTree = "<group>"; };
		E79D2DAA2A13569700ACAD58 /* ProfileViewController.swift */ = {isa = PBXFileReference; lastKnownFileType = sourcecode.swift; path = ProfileViewController.swift; sourceTree = "<group>"; };
		E79FCEDA2A5FD33400FC01CA /* ProfileImageService.swift */ = {isa = PBXFileReference; lastKnownFileType = sourcecode.swift; path = ProfileImageService.swift; sourceTree = "<group>"; };
		E7A197F92A1CFB910022EC1D /* UIColor+Extensions.swift */ = {isa = PBXFileReference; lastKnownFileType = sourcecode.swift; path = "UIColor+Extensions.swift"; sourceTree = "<group>"; };
		E7A585192A715F6B00802732 /* AlertPresenter.swift */ = {isa = PBXFileReference; lastKnownFileType = sourcecode.swift; path = AlertPresenter.swift; sourceTree = "<group>"; };
		E7A987752A58151900CF7FFD /* ProfileService.swift */ = {isa = PBXFileReference; lastKnownFileType = sourcecode.swift; path = ProfileService.swift; sourceTree = "<group>"; };
		E7A9BEC42A7B948400DEF0A6 /* ImagesListService.swift */ = {isa = PBXFileReference; lastKnownFileType = sourcecode.swift; path = ImagesListService.swift; sourceTree = "<group>"; };
		E7A9BEC62A7B953400DEF0A6 /* ImagesStructures.swift */ = {isa = PBXFileReference; lastKnownFileType = sourcecode.swift; path = ImagesStructures.swift; sourceTree = "<group>"; };
		E7B317E52A752300003186DB /* TabBarController.swift */ = {isa = PBXFileReference; lastKnownFileType = sourcecode.swift; path = TabBarController.swift; sourceTree = "<group>"; };
		E7B53C212A160D4A004925C1 /* SingleImageViewController.swift */ = {isa = PBXFileReference; lastKnownFileType = sourcecode.swift; path = SingleImageViewController.swift; sourceTree = "<group>"; };
		E7F294302A923127007C7E80 /* WebViewPresenter.swift */ = {isa = PBXFileReference; lastKnownFileType = sourcecode.swift; path = WebViewPresenter.swift; sourceTree = "<group>"; };
		E7F294322A9258AF007C7E80 /* AuthHelper.swift */ = {isa = PBXFileReference; lastKnownFileType = sourcecode.swift; path = AuthHelper.swift; sourceTree = "<group>"; };
/* End PBXFileReference section */

/* Begin PBXFrameworksBuildPhase section */
		E74BC8CE29FCF7920059C572 /* Frameworks */ = {
			isa = PBXFrameworksBuildPhase;
			buildActionMask = 2147483647;
			files = (
				E75417872A6517D400DF8919 /* Kingfisher in Frameworks */,
				E775F3B82A53016A0037CFA6 /* ProgressHUD in Frameworks */,
				E754178A2A65236800DF8919 /* SwiftKeychainWrapper in Frameworks */,
			);
			runOnlyForDeploymentPostprocessing = 0;
		};
		E77AF1402A80B2360076A4B5 /* Frameworks */ = {
			isa = PBXFrameworksBuildPhase;
			buildActionMask = 2147483647;
			files = (
			);
			runOnlyForDeploymentPostprocessing = 0;
		};
/* End PBXFrameworksBuildPhase section */

/* Begin PBXGroup section */
		E74BC8C829FCF7920059C572 = {
			isa = PBXGroup;
			children = (
				E74BC8D329FCF7920059C572 /* ImageFeed */,
				E74BC8D229FCF7920059C572 /* Products */,
			);
			sourceTree = "<group>";
		};
		E74BC8D229FCF7920059C572 /* Products */ = {
			isa = PBXGroup;
			children = (
				E74BC8D129FCF7920059C572 /* ImageFeed.app */,
				E77AF1432A80B2360076A4B5 /* ImageFeedTests.xctest */,
			);
			name = Products;
			sourceTree = "<group>";
		};
		E74BC8D329FCF7920059C572 /* ImageFeed */ = {
			isa = PBXGroup;
			children = (
				E791B7012A24AE220088B4D9 /* Auth */,
				E7A197FB2A1CFBA10022EC1D /* Helpers */,
				E7644F7C2A0B7A760041C7D5 /* ImagesList */,
				E7AE90C32A1374D000339DAB /* Profile */,
				E7B53C202A160B29004925C1 /* SingleImageView */,
				E764E2EA2A2DBDA900EAAE4C /* SplashView */,
				E74BC8DD29FCF7930059C572 /* Assets.xcassets */,
				E74BC8DF29FCF7930059C572 /* LaunchScreen.storyboard */,
				E74BC8DA29FCF7920059C572 /* Main.storyboard */,
				E74BC8D429FCF7920059C572 /* AppDelegate.swift */,
				E74BC8D629FCF7920059C572 /* SceneDelegate.swift */,
				E74BC8E229FCF7930059C572 /* Info.plist */,
				E732BAC92A57F12C00030BCA /* UIBlockingProgressHUD.swift */,
				E7A585192A715F6B00802732 /* AlertPresenter.swift */,
				E7771FA22A8A4EE1008CD197 /* AlertModel.swift */,
				E7B317E52A752300003186DB /* TabBarController.swift */,
			);
			path = ImageFeed;
			sourceTree = "<group>";
		};
		E7644F7C2A0B7A760041C7D5 /* ImagesList */ = {
			isa = PBXGroup;
			children = (
				E7644F7A2A0B79ED0041C7D5 /* ImagesListCell.swift */,
				E74BC8D829FCF7920059C572 /* ImagesListViewController.swift */,
				E7A9BEC42A7B948400DEF0A6 /* ImagesListService.swift */,
				E7A9BEC62A7B953400DEF0A6 /* ImagesStructures.swift */,
				E7771FA02A8A437E008CD197 /* ImagesListCellDelegate.swift */,
			);
			path = ImagesList;
			sourceTree = "<group>";
		};
		E764E2EA2A2DBDA900EAAE4C /* SplashView */ = {
			isa = PBXGroup;
			children = (
				E764E2E72A2DBD8700EAAE4C /* SplashViewController.swift */,
			);
			path = SplashView;
			sourceTree = "<group>";
		};
		E791B7012A24AE220088B4D9 /* Auth */ = {
			isa = PBXGroup;
			children = (
				E791B6FF2A24ADFC0088B4D9 /* AuthViewController.swift */,
				E791B6FD2A2490780088B4D9 /* AuthConfiguration.swift */,
				E73DF3762A72AEC000E7F79E /* OAuthTokenResponseBody.swift */,
				E739CFD82A6A98E60095D13B /* OAuth2Service.swift */,
				E775F3B42A52F0A70037CFA6 /* OAuth2TokenStorage.swift */,
				E7215B772A2B133D00EEF1ED /* ServiceAccessLayer.swift */,
				E791B7022A24B3370088B4D9 /* WebViewViewController.swift */,
				E7F294302A923127007C7E80 /* WebViewPresenter.swift */,
			);
			path = Auth;
			sourceTree = "<group>";
		};
		E7A197FB2A1CFBA10022EC1D /* Helpers */ = {
			isa = PBXGroup;
			children = (
				E7F294322A9258AF007C7E80 /* AuthHelper.swift */,
				E7A197F92A1CFB910022EC1D /* UIColor+Extensions.swift */,
			);
			path = Helpers;
			sourceTree = "<group>";
		};
		E7AE90C32A1374D000339DAB /* Profile */ = {
			isa = PBXGroup;
			children = (
				E79D2DAA2A13569700ACAD58 /* ProfileViewController.swift */,
				E7A987752A58151900CF7FFD /* ProfileService.swift */,
				E79FCEDA2A5FD33400FC01CA /* ProfileImageService.swift */,
				E714EEC42A6ABE0A00983D31 /* ProfileStructures.swift */,
			);
			path = Profile;
			sourceTree = "<group>";
		};
		E7B53C202A160B29004925C1 /* SingleImageView */ = {
			isa = PBXGroup;
			children = (
				E7B53C212A160D4A004925C1 /* SingleImageViewController.swift */,
			);
			path = SingleImageView;
			sourceTree = "<group>";
		};
/* End PBXGroup section */

/* Begin PBXNativeTarget section */
		E74BC8D029FCF7920059C572 /* ImageFeed */ = {
			isa = PBXNativeTarget;
			buildConfigurationList = E74BC8E529FCF7930059C572 /* Build configuration list for PBXNativeTarget "ImageFeed" */;
			buildPhases = (
				E74BC8CD29FCF7920059C572 /* Sources */,
				E74BC8CE29FCF7920059C572 /* Frameworks */,
				E74BC8CF29FCF7920059C572 /* Resources */,
			);
			buildRules = (
			);
			dependencies = (
			);
			name = ImageFeed;
			packageProductDependencies = (
				E775F3B72A53016A0037CFA6 /* ProgressHUD */,
				E75417862A6517D400DF8919 /* Kingfisher */,
				E75417892A65236800DF8919 /* SwiftKeychainWrapper */,
			);
			productName = ImageFeed;
			productReference = E74BC8D129FCF7920059C572 /* ImageFeed.app */;
			productType = "com.apple.product-type.application";
		};
		E77AF1422A80B2360076A4B5 /* ImageFeedTests */ = {
			isa = PBXNativeTarget;
			buildConfigurationList = E77AF14B2A80B2360076A4B5 /* Build configuration list for PBXNativeTarget "ImageFeedTests" */;
			buildPhases = (
				E77AF13F2A80B2360076A4B5 /* Sources */,
				E77AF1402A80B2360076A4B5 /* Frameworks */,
				E77AF1412A80B2360076A4B5 /* Resources */,
			);
			buildRules = (
			);
			dependencies = (
				E77AF1482A80B2360076A4B5 /* PBXTargetDependency */,
			);
			name = ImageFeedTests;
			productName = ImageFeedTests;
			productReference = E77AF1432A80B2360076A4B5 /* ImageFeedTests.xctest */;
			productType = "com.apple.product-type.bundle.unit-test";
		};
/* End PBXNativeTarget section */

/* Begin PBXProject section */
		E74BC8C929FCF7920059C572 /* Project object */ = {
			isa = PBXProject;
			attributes = {
				BuildIndependentTargetsInParallel = 1;
				LastSwiftUpdateCheck = 1430;
				LastUpgradeCheck = 1430;
				TargetAttributes = {
					E74BC8D029FCF7920059C572 = {
						CreatedOnToolsVersion = 14.3;
					};
					E77AF1422A80B2360076A4B5 = {
						CreatedOnToolsVersion = 14.3.1;
						TestTargetID = E74BC8D029FCF7920059C572;
					};
				};
			};
			buildConfigurationList = E74BC8CC29FCF7920059C572 /* Build configuration list for PBXProject "ImageFeed" */;
			compatibilityVersion = "Xcode 14.0";
			developmentRegion = en;
			hasScannedForEncodings = 0;
			knownRegions = (
				en,
				Base,
			);
			mainGroup = E74BC8C829FCF7920059C572;
			packageReferences = (
				E775F3B62A53016A0037CFA6 /* XCRemoteSwiftPackageReference "ProgressHUD" */,
				E75417852A6517D400DF8919 /* XCRemoteSwiftPackageReference "Kingfisher" */,
				E75417882A65236700DF8919 /* XCRemoteSwiftPackageReference "SwiftKeychainWrapper" */,
			);
			productRefGroup = E74BC8D229FCF7920059C572 /* Products */;
			projectDirPath = "";
			projectRoot = "";
			targets = (
				E74BC8D029FCF7920059C572 /* ImageFeed */,
				E77AF1422A80B2360076A4B5 /* ImageFeedTests */,
			);
		};
/* End PBXProject section */

/* Begin PBXResourcesBuildPhase section */
		E74BC8CF29FCF7920059C572 /* Resources */ = {
			isa = PBXResourcesBuildPhase;
			buildActionMask = 2147483647;
			files = (
				E74BC8E129FCF7930059C572 /* LaunchScreen.storyboard in Resources */,
				E74BC8DE29FCF7930059C572 /* Assets.xcassets in Resources */,
				E74BC8DC29FCF7920059C572 /* Main.storyboard in Resources */,
			);
			runOnlyForDeploymentPostprocessing = 0;
		};
		E77AF1412A80B2360076A4B5 /* Resources */ = {
			isa = PBXResourcesBuildPhase;
			buildActionMask = 2147483647;
			files = (
			);
			runOnlyForDeploymentPostprocessing = 0;
		};
/* End PBXResourcesBuildPhase section */

/* Begin PBXSourcesBuildPhase section */
		E74BC8CD29FCF7920059C572 /* Sources */ = {
			isa = PBXSourcesBuildPhase;
			buildActionMask = 2147483647;
			files = (
				E7F294312A923127007C7E80 /* WebViewPresenter.swift in Sources */,
				E791B7032A24B3370088B4D9 /* WebViewViewController.swift in Sources */,
				E7771FA12A8A437E008CD197 /* ImagesListCellDelegate.swift in Sources */,
				E74BC8D929FCF7920059C572 /* ImagesListViewController.swift in Sources */,
				E7644F7B2A0B79ED0041C7D5 /* ImagesListCell.swift in Sources */,
				E764E2E82A2DBD8700EAAE4C /* SplashViewController.swift in Sources */,
				E74BC8D529FCF7920059C572 /* AppDelegate.swift in Sources */,
				E74BC8D729FCF7920059C572 /* SceneDelegate.swift in Sources */,
				E7F294332A9258AF007C7E80 /* AuthHelper.swift in Sources */,
				E7A197FA2A1CFB910022EC1D /* UIColor+Extensions.swift in Sources */,
				E7A9BEC52A7B948400DEF0A6 /* ImagesListService.swift in Sources */,
				E714EEC52A6ABE0A00983D31 /* ProfileStructures.swift in Sources */,
				E7B53C222A160D4A004925C1 /* SingleImageViewController.swift in Sources */,
				E79D2DAB2A13569700ACAD58 /* ProfileViewController.swift in Sources */,
				E79FCEDB2A5FD33400FC01CA /* ProfileImageService.swift in Sources */,
				E7771FA32A8A4EE1008CD197 /* AlertModel.swift in Sources */,
				E739CFD92A6A98E60095D13B /* OAuth2Service.swift in Sources */,
				E7A9BEC72A7B953400DEF0A6 /* ImagesStructures.swift in Sources */,
				E7215B782A2B133D00EEF1ED /* ServiceAccessLayer.swift in Sources */,
				E791B7002A24ADFC0088B4D9 /* AuthViewController.swift in Sources */,
				E73DF3772A72AEC000E7F79E /* OAuthTokenResponseBody.swift in Sources */,
				E775F3B52A52F0A70037CFA6 /* OAuth2TokenStorage.swift in Sources */,
				E7A5851A2A715F6B00802732 /* AlertPresenter.swift in Sources */,
				E791B6FE2A2490780088B4D9 /* AuthConfiguration.swift in Sources */,
				E7B317E62A752300003186DB /* TabBarController.swift in Sources */,
				E732BACA2A57F12C00030BCA /* UIBlockingProgressHUD.swift in Sources */,
				E7A987762A58151900CF7FFD /* ProfileService.swift in Sources */,
			);
			runOnlyForDeploymentPostprocessing = 0;
		};
		E77AF13F2A80B2360076A4B5 /* Sources */ = {
			isa = PBXSourcesBuildPhase;
			buildActionMask = 2147483647;
			files = (
			);
			runOnlyForDeploymentPostprocessing = 0;
		};
/* End PBXSourcesBuildPhase section */

/* Begin PBXTargetDependency section */
		E77AF1482A80B2360076A4B5 /* PBXTargetDependency */ = {
			isa = PBXTargetDependency;
			target = E74BC8D029FCF7920059C572 /* ImageFeed */;
			targetProxy = E77AF1472A80B2360076A4B5 /* PBXContainerItemProxy */;
		};
/* End PBXTargetDependency section */

/* Begin PBXVariantGroup section */
		E74BC8DA29FCF7920059C572 /* Main.storyboard */ = {
			isa = PBXVariantGroup;
			children = (
				E74BC8DB29FCF7920059C572 /* Base */,
			);
			name = Main.storyboard;
			sourceTree = "<group>";
		};
		E74BC8DF29FCF7930059C572 /* LaunchScreen.storyboard */ = {
			isa = PBXVariantGroup;
			children = (
				E74BC8E029FCF7930059C572 /* Base */,
			);
			name = LaunchScreen.storyboard;
			sourceTree = "<group>";
		};
/* End PBXVariantGroup section */

/* Begin XCBuildConfiguration section */
		E74BC8E329FCF7930059C572 /* Debug */ = {
			isa = XCBuildConfiguration;
			buildSettings = {
				ALWAYS_SEARCH_USER_PATHS = NO;
				CLANG_ANALYZER_NONNULL = YES;
				CLANG_ANALYZER_NUMBER_OBJECT_CONVERSION = YES_AGGRESSIVE;
				CLANG_CXX_LANGUAGE_STANDARD = "gnu++20";
				CLANG_ENABLE_MODULES = YES;
				CLANG_ENABLE_OBJC_ARC = YES;
				CLANG_ENABLE_OBJC_WEAK = YES;
				CLANG_WARN_BLOCK_CAPTURE_AUTORELEASING = YES;
				CLANG_WARN_BOOL_CONVERSION = YES;
				CLANG_WARN_COMMA = YES;
				CLANG_WARN_CONSTANT_CONVERSION = YES;
				CLANG_WARN_DEPRECATED_OBJC_IMPLEMENTATIONS = YES;
				CLANG_WARN_DIRECT_OBJC_ISA_USAGE = YES_ERROR;
				CLANG_WARN_DOCUMENTATION_COMMENTS = YES;
				CLANG_WARN_EMPTY_BODY = YES;
				CLANG_WARN_ENUM_CONVERSION = YES;
				CLANG_WARN_INFINITE_RECURSION = YES;
				CLANG_WARN_INT_CONVERSION = YES;
				CLANG_WARN_NON_LITERAL_NULL_CONVERSION = YES;
				CLANG_WARN_OBJC_IMPLICIT_RETAIN_SELF = YES;
				CLANG_WARN_OBJC_LITERAL_CONVERSION = YES;
				CLANG_WARN_OBJC_ROOT_CLASS = YES_ERROR;
				CLANG_WARN_QUOTED_INCLUDE_IN_FRAMEWORK_HEADER = YES;
				CLANG_WARN_RANGE_LOOP_ANALYSIS = YES;
				CLANG_WARN_STRICT_PROTOTYPES = YES;
				CLANG_WARN_SUSPICIOUS_MOVE = YES;
				CLANG_WARN_UNGUARDED_AVAILABILITY = YES_AGGRESSIVE;
				CLANG_WARN_UNREACHABLE_CODE = YES;
				CLANG_WARN__DUPLICATE_METHOD_MATCH = YES;
				COPY_PHASE_STRIP = NO;
				DEBUG_INFORMATION_FORMAT = dwarf;
				ENABLE_STRICT_OBJC_MSGSEND = YES;
				ENABLE_TESTABILITY = YES;
				GCC_C_LANGUAGE_STANDARD = gnu11;
				GCC_DYNAMIC_NO_PIC = NO;
				GCC_NO_COMMON_BLOCKS = YES;
				GCC_OPTIMIZATION_LEVEL = 0;
				GCC_PREPROCESSOR_DEFINITIONS = (
					"DEBUG=1",
					"$(inherited)",
				);
				GCC_WARN_64_TO_32_BIT_CONVERSION = YES;
				GCC_WARN_ABOUT_RETURN_TYPE = YES_ERROR;
				GCC_WARN_UNDECLARED_SELECTOR = YES;
				GCC_WARN_UNINITIALIZED_AUTOS = YES_AGGRESSIVE;
				GCC_WARN_UNUSED_FUNCTION = YES;
				GCC_WARN_UNUSED_VARIABLE = YES;
				IPHONEOS_DEPLOYMENT_TARGET = 16.4;
				MTL_ENABLE_DEBUG_INFO = INCLUDE_SOURCE;
				MTL_FAST_MATH = YES;
				ONLY_ACTIVE_ARCH = YES;
				SDKROOT = iphoneos;
				SWIFT_ACTIVE_COMPILATION_CONDITIONS = DEBUG;
				SWIFT_OPTIMIZATION_LEVEL = "-Onone";
			};
			name = Debug;
		};
		E74BC8E429FCF7930059C572 /* Release */ = {
			isa = XCBuildConfiguration;
			buildSettings = {
				ALWAYS_SEARCH_USER_PATHS = NO;
				CLANG_ANALYZER_NONNULL = YES;
				CLANG_ANALYZER_NUMBER_OBJECT_CONVERSION = YES_AGGRESSIVE;
				CLANG_CXX_LANGUAGE_STANDARD = "gnu++20";
				CLANG_ENABLE_MODULES = YES;
				CLANG_ENABLE_OBJC_ARC = YES;
				CLANG_ENABLE_OBJC_WEAK = YES;
				CLANG_WARN_BLOCK_CAPTURE_AUTORELEASING = YES;
				CLANG_WARN_BOOL_CONVERSION = YES;
				CLANG_WARN_COMMA = YES;
				CLANG_WARN_CONSTANT_CONVERSION = YES;
				CLANG_WARN_DEPRECATED_OBJC_IMPLEMENTATIONS = YES;
				CLANG_WARN_DIRECT_OBJC_ISA_USAGE = YES_ERROR;
				CLANG_WARN_DOCUMENTATION_COMMENTS = YES;
				CLANG_WARN_EMPTY_BODY = YES;
				CLANG_WARN_ENUM_CONVERSION = YES;
				CLANG_WARN_INFINITE_RECURSION = YES;
				CLANG_WARN_INT_CONVERSION = YES;
				CLANG_WARN_NON_LITERAL_NULL_CONVERSION = YES;
				CLANG_WARN_OBJC_IMPLICIT_RETAIN_SELF = YES;
				CLANG_WARN_OBJC_LITERAL_CONVERSION = YES;
				CLANG_WARN_OBJC_ROOT_CLASS = YES_ERROR;
				CLANG_WARN_QUOTED_INCLUDE_IN_FRAMEWORK_HEADER = YES;
				CLANG_WARN_RANGE_LOOP_ANALYSIS = YES;
				CLANG_WARN_STRICT_PROTOTYPES = YES;
				CLANG_WARN_SUSPICIOUS_MOVE = YES;
				CLANG_WARN_UNGUARDED_AVAILABILITY = YES_AGGRESSIVE;
				CLANG_WARN_UNREACHABLE_CODE = YES;
				CLANG_WARN__DUPLICATE_METHOD_MATCH = YES;
				COPY_PHASE_STRIP = NO;
				DEBUG_INFORMATION_FORMAT = "dwarf-with-dsym";
				ENABLE_NS_ASSERTIONS = NO;
				ENABLE_STRICT_OBJC_MSGSEND = YES;
				GCC_C_LANGUAGE_STANDARD = gnu11;
				GCC_NO_COMMON_BLOCKS = YES;
				GCC_WARN_64_TO_32_BIT_CONVERSION = YES;
				GCC_WARN_ABOUT_RETURN_TYPE = YES_ERROR;
				GCC_WARN_UNDECLARED_SELECTOR = YES;
				GCC_WARN_UNINITIALIZED_AUTOS = YES_AGGRESSIVE;
				GCC_WARN_UNUSED_FUNCTION = YES;
				GCC_WARN_UNUSED_VARIABLE = YES;
				IPHONEOS_DEPLOYMENT_TARGET = 16.4;
				MTL_ENABLE_DEBUG_INFO = NO;
				MTL_FAST_MATH = YES;
				SDKROOT = iphoneos;
				SWIFT_COMPILATION_MODE = wholemodule;
				SWIFT_OPTIMIZATION_LEVEL = "-O";
				VALIDATE_PRODUCT = YES;
			};
			name = Release;
		};
		E74BC8E629FCF7930059C572 /* Debug */ = {
			isa = XCBuildConfiguration;
			buildSettings = {
				ASSETCATALOG_COMPILER_APPICON_NAME = AppIcon;
				ASSETCATALOG_COMPILER_GLOBAL_ACCENT_COLOR_NAME = AccentColor;
				CODE_SIGN_STYLE = Automatic;
				CURRENT_PROJECT_VERSION = 1;
				DEVELOPMENT_TEAM = ZDGJL8WTX3;
				GENERATE_INFOPLIST_FILE = YES;
				INFOPLIST_FILE = ImageFeed/Info.plist;
				INFOPLIST_KEY_UIApplicationSupportsIndirectInputEvents = YES;
				INFOPLIST_KEY_UILaunchStoryboardName = LaunchScreen;
				INFOPLIST_KEY_UIMainStoryboardFile = Main;
				INFOPLIST_KEY_UIStatusBarStyle = UIStatusBarStyleLightContent;
				INFOPLIST_KEY_UISupportedInterfaceOrientations = UIInterfaceOrientationPortrait;
				INFOPLIST_KEY_UISupportedInterfaceOrientations_iPad = UIInterfaceOrientationPortrait;
				IPHONEOS_DEPLOYMENT_TARGET = 13.0;
				LD_RUNPATH_SEARCH_PATHS = (
					"$(inherited)",
					"@executable_path/Frameworks",
				);
				MARKETING_VERSION = 1.0;
				PRODUCT_BUNDLE_IDENTIFIER = ru.bva23.ImageFeed;
				PRODUCT_NAME = "$(TARGET_NAME)";
				SUPPORTED_PLATFORMS = "iphoneos iphonesimulator";
				SUPPORTS_MACCATALYST = NO;
				SUPPORTS_MAC_DESIGNED_FOR_IPHONE_IPAD = YES;
				SWIFT_EMIT_LOC_STRINGS = YES;
				SWIFT_VERSION = 5.0;
				TARGETED_DEVICE_FAMILY = 1;
			};
			name = Debug;
		};
		E74BC8E729FCF7930059C572 /* Release */ = {
			isa = XCBuildConfiguration;
			buildSettings = {
				ASSETCATALOG_COMPILER_APPICON_NAME = AppIcon;
				ASSETCATALOG_COMPILER_GLOBAL_ACCENT_COLOR_NAME = AccentColor;
				CODE_SIGN_STYLE = Automatic;
				CURRENT_PROJECT_VERSION = 1;
				DEVELOPMENT_TEAM = ZDGJL8WTX3;
				GENERATE_INFOPLIST_FILE = YES;
				INFOPLIST_FILE = ImageFeed/Info.plist;
				INFOPLIST_KEY_UIApplicationSupportsIndirectInputEvents = YES;
				INFOPLIST_KEY_UILaunchStoryboardName = LaunchScreen;
				INFOPLIST_KEY_UIMainStoryboardFile = Main;
				INFOPLIST_KEY_UIStatusBarStyle = UIStatusBarStyleLightContent;
				INFOPLIST_KEY_UISupportedInterfaceOrientations = UIInterfaceOrientationPortrait;
				INFOPLIST_KEY_UISupportedInterfaceOrientations_iPad = UIInterfaceOrientationPortrait;
				IPHONEOS_DEPLOYMENT_TARGET = 13.0;
				LD_RUNPATH_SEARCH_PATHS = (
					"$(inherited)",
					"@executable_path/Frameworks",
				);
				MARKETING_VERSION = 1.0;
				PRODUCT_BUNDLE_IDENTIFIER = ru.bva23.ImageFeed;
				PRODUCT_NAME = "$(TARGET_NAME)";
				SUPPORTED_PLATFORMS = "iphoneos iphonesimulator";
				SUPPORTS_MACCATALYST = NO;
				SUPPORTS_MAC_DESIGNED_FOR_IPHONE_IPAD = YES;
				SWIFT_EMIT_LOC_STRINGS = YES;
				SWIFT_VERSION = 5.0;
				TARGETED_DEVICE_FAMILY = 1;
			};
			name = Release;
		};
		E77AF1492A80B2360076A4B5 /* Debug */ = {
			isa = XCBuildConfiguration;
			buildSettings = {
				BUNDLE_LOADER = "$(TEST_HOST)";
				CODE_SIGN_STYLE = Automatic;
				CURRENT_PROJECT_VERSION = 1;
				DEVELOPMENT_TEAM = ZDGJL8WTX3;
				GENERATE_INFOPLIST_FILE = YES;
				MARKETING_VERSION = 1.0;
				PRODUCT_BUNDLE_IDENTIFIER = ru.bva23.ImageFeedTests;
				PRODUCT_NAME = "$(TARGET_NAME)";
				SWIFT_EMIT_LOC_STRINGS = NO;
				SWIFT_VERSION = 5.0;
				TARGETED_DEVICE_FAMILY = "1,2";
				TEST_HOST = "$(BUILT_PRODUCTS_DIR)/ImageFeed.app/$(BUNDLE_EXECUTABLE_FOLDER_PATH)/ImageFeed";
			};
			name = Debug;
		};
		E77AF14A2A80B2360076A4B5 /* Release */ = {
			isa = XCBuildConfiguration;
			buildSettings = {
				BUNDLE_LOADER = "$(TEST_HOST)";
				CODE_SIGN_STYLE = Automatic;
				CURRENT_PROJECT_VERSION = 1;
				DEVELOPMENT_TEAM = ZDGJL8WTX3;
				GENERATE_INFOPLIST_FILE = YES;
				MARKETING_VERSION = 1.0;
				PRODUCT_BUNDLE_IDENTIFIER = ru.bva23.ImageFeedTests;
				PRODUCT_NAME = "$(TARGET_NAME)";
				SWIFT_EMIT_LOC_STRINGS = NO;
				SWIFT_VERSION = 5.0;
				TARGETED_DEVICE_FAMILY = "1,2";
				TEST_HOST = "$(BUILT_PRODUCTS_DIR)/ImageFeed.app/$(BUNDLE_EXECUTABLE_FOLDER_PATH)/ImageFeed";
			};
			name = Release;
		};
/* End XCBuildConfiguration section */

/* Begin XCConfigurationList section */
		E74BC8CC29FCF7920059C572 /* Build configuration list for PBXProject "ImageFeed" */ = {
			isa = XCConfigurationList;
			buildConfigurations = (
				E74BC8E329FCF7930059C572 /* Debug */,
				E74BC8E429FCF7930059C572 /* Release */,
			);
			defaultConfigurationIsVisible = 0;
			defaultConfigurationName = Release;
		};
		E74BC8E529FCF7930059C572 /* Build configuration list for PBXNativeTarget "ImageFeed" */ = {
			isa = XCConfigurationList;
			buildConfigurations = (
				E74BC8E629FCF7930059C572 /* Debug */,
				E74BC8E729FCF7930059C572 /* Release */,
			);
			defaultConfigurationIsVisible = 0;
			defaultConfigurationName = Release;
		};
		E77AF14B2A80B2360076A4B5 /* Build configuration list for PBXNativeTarget "ImageFeedTests" */ = {
			isa = XCConfigurationList;
			buildConfigurations = (
				E77AF1492A80B2360076A4B5 /* Debug */,
				E77AF14A2A80B2360076A4B5 /* Release */,
			);
			defaultConfigurationIsVisible = 0;
			defaultConfigurationName = Release;
		};
/* End XCConfigurationList section */

/* Begin XCRemoteSwiftPackageReference section */
		E75417852A6517D400DF8919 /* XCRemoteSwiftPackageReference "Kingfisher" */ = {
			isa = XCRemoteSwiftPackageReference;
			repositoryURL = "https://github.com/onevcat/Kingfisher.git";
			requirement = {
				kind = upToNextMajorVersion;
				minimumVersion = 7.0.0;
			};
		};
		E75417882A65236700DF8919 /* XCRemoteSwiftPackageReference "SwiftKeychainWrapper" */ = {
			isa = XCRemoteSwiftPackageReference;
			repositoryURL = "https://github.com/jrendel/SwiftKeychainWrapper.git";
			requirement = {
				kind = upToNextMajorVersion;
				minimumVersion = 4.0.0;
			};
		};
		E775F3B62A53016A0037CFA6 /* XCRemoteSwiftPackageReference "ProgressHUD" */ = {
			isa = XCRemoteSwiftPackageReference;
			repositoryURL = "https://github.com/relatedcode/ProgressHUD";
			requirement = {
				kind = upToNextMajorVersion;
				minimumVersion = 13.0.0;
			};
		};
/* End XCRemoteSwiftPackageReference section */

/* Begin XCSwiftPackageProductDependency section */
		E75417862A6517D400DF8919 /* Kingfisher */ = {
			isa = XCSwiftPackageProductDependency;
			package = E75417852A6517D400DF8919 /* XCRemoteSwiftPackageReference "Kingfisher" */;
			productName = Kingfisher;
		};
		E75417892A65236800DF8919 /* SwiftKeychainWrapper */ = {
			isa = XCSwiftPackageProductDependency;
			package = E75417882A65236700DF8919 /* XCRemoteSwiftPackageReference "SwiftKeychainWrapper" */;
			productName = SwiftKeychainWrapper;
		};
		E775F3B72A53016A0037CFA6 /* ProgressHUD */ = {
			isa = XCSwiftPackageProductDependency;
			package = E775F3B62A53016A0037CFA6 /* XCRemoteSwiftPackageReference "ProgressHUD" */;
			productName = ProgressHUD;
		};
/* End XCSwiftPackageProductDependency section */
	};
	rootObject = E74BC8C929FCF7920059C572 /* Project object */;
}
